// !$*UTF8*$!
{
	archiveVersion = 1;
	classes = {
	};
	objectVersion = 50;
	objects = {

/* Begin PBXBuildFile section */
		770B6C9F24D1F3C00065210C /* AppDelegate.swift in Sources */ = {isa = PBXBuildFile; fileRef = 770B6C9E24D1F3C00065210C /* AppDelegate.swift */; };
		770B6CA124D1F3C00065210C /* SceneDelegate.swift in Sources */ = {isa = PBXBuildFile; fileRef = 770B6CA024D1F3C00065210C /* SceneDelegate.swift */; };
		770B6CA324D1F3C00065210C /* FirstViewController.swift in Sources */ = {isa = PBXBuildFile; fileRef = 770B6CA224D1F3C00065210C /* FirstViewController.swift */; };
		770B6CA524D1F3C00065210C /* SecondViewController.swift in Sources */ = {isa = PBXBuildFile; fileRef = 770B6CA424D1F3C00065210C /* SecondViewController.swift */; };
		770B6CA824D1F3C00065210C /* Main.storyboard in Resources */ = {isa = PBXBuildFile; fileRef = 770B6CA624D1F3C00065210C /* Main.storyboard */; };
		770B6CAB24D1F3C00065210C /* Final_Project.xcdatamodeld in Sources */ = {isa = PBXBuildFile; fileRef = 770B6CA924D1F3C00065210C /* Final_Project.xcdatamodeld */; };
		770B6CAD24D1F3C40065210C /* Assets.xcassets in Resources */ = {isa = PBXBuildFile; fileRef = 770B6CAC24D1F3C40065210C /* Assets.xcassets */; };
		770B6CB024D1F3C40065210C /* LaunchScreen.storyboard in Resources */ = {isa = PBXBuildFile; fileRef = 770B6CAE24D1F3C40065210C /* LaunchScreen.storyboard */; };
		77BD028724D33A5D00811E43 /* ViewControllerExtension.swift in Sources */ = {isa = PBXBuildFile; fileRef = 77BD028624D33A5D00811E43 /* ViewControllerExtension.swift */; };
/* End PBXBuildFile section */

/* Begin PBXFileReference section */
		770B6C9B24D1F3C00065210C /* Final Project.app */ = {isa = PBXFileReference; explicitFileType = wrapper.application; includeInIndex = 0; path = "Final Project.app"; sourceTree = BUILT_PRODUCTS_DIR; };
		770B6C9E24D1F3C00065210C /* AppDelegate.swift */ = {isa = PBXFileReference; lastKnownFileType = sourcecode.swift; path = AppDelegate.swift; sourceTree = "<group>"; };
		770B6CA024D1F3C00065210C /* SceneDelegate.swift */ = {isa = PBXFileReference; lastKnownFileType = sourcecode.swift; path = SceneDelegate.swift; sourceTree = "<group>"; };
		770B6CA224D1F3C00065210C /* FirstViewController.swift */ = {isa = PBXFileReference; lastKnownFileType = sourcecode.swift; path = FirstViewController.swift; sourceTree = "<group>"; };
		770B6CA424D1F3C00065210C /* SecondViewController.swift */ = {isa = PBXFileReference; lastKnownFileType = sourcecode.swift; path = SecondViewController.swift; sourceTree = "<group>"; };
		770B6CA724D1F3C00065210C /* Base */ = {isa = PBXFileReference; lastKnownFileType = file.storyboard; name = Base; path = Base.lproj/Main.storyboard; sourceTree = "<group>"; };
		770B6CAA24D1F3C00065210C /* Final_Project.xcdatamodel */ = {isa = PBXFileReference; lastKnownFileType = wrapper.xcdatamodel; path = Final_Project.xcdatamodel; sourceTree = "<group>"; };
		770B6CAC24D1F3C40065210C /* Assets.xcassets */ = {isa = PBXFileReference; lastKnownFileType = folder.assetcatalog; path = Assets.xcassets; sourceTree = "<group>"; };
		770B6CAF24D1F3C40065210C /* Base */ = {isa = PBXFileReference; lastKnownFileType = file.storyboard; name = Base; path = Base.lproj/LaunchScreen.storyboard; sourceTree = "<group>"; };
		770B6CB124D1F3C40065210C /* Info.plist */ = {isa = PBXFileReference; lastKnownFileType = text.plist.xml; path = Info.plist; sourceTree = "<group>"; };
		77BD028624D33A5D00811E43 /* ViewControllerExtension.swift */ = {isa = PBXFileReference; lastKnownFileType = sourcecode.swift; path = ViewControllerExtension.swift; sourceTree = "<group>"; };
/* End PBXFileReference section */

/* Begin PBXFrameworksBuildPhase section */
		770B6C9824D1F3C00065210C /* Frameworks */ = {
			isa = PBXFrameworksBuildPhase;
			buildActionMask = 2147483647;
			files = (
			);
			runOnlyForDeploymentPostprocessing = 0;
		};
/* End PBXFrameworksBuildPhase section */

/* Begin PBXGroup section */
		770B6C9224D1F3C00065210C = {
			isa = PBXGroup;
			children = (
				770B6C9D24D1F3C00065210C /* Final Project */,
				770B6C9C24D1F3C00065210C /* Products */,
			);
			sourceTree = "<group>";
		};
		770B6C9C24D1F3C00065210C /* Products */ = {
			isa = PBXGroup;
			children = (
				770B6C9B24D1F3C00065210C /* Final Project.app */,
			);
			name = Products;
			sourceTree = "<group>";
		};
		770B6C9D24D1F3C00065210C /* Final Project */ = {
			isa = PBXGroup;
			children = (
				770B6C9E24D1F3C00065210C /* AppDelegate.swift */,
				770B6CA024D1F3C00065210C /* SceneDelegate.swift */,
				770B6CA224D1F3C00065210C /* FirstViewController.swift */,
				770B6CA424D1F3C00065210C /* SecondViewController.swift */,
				770B6CA624D1F3C00065210C /* Main.storyboard */,
				77BD028624D33A5D00811E43 /* ViewControllerExtension.swift */,
				770B6CAC24D1F3C40065210C /* Assets.xcassets */,
				770B6CAE24D1F3C40065210C /* LaunchScreen.storyboard */,
				770B6CB124D1F3C40065210C /* Info.plist */,
				770B6CA924D1F3C00065210C /* Final_Project.xcdatamodeld */,
			);
			path = "Final Project";
			sourceTree = "<group>";
		};
/* End PBXGroup section */

/* Begin PBXNativeTarget section */
		770B6C9A24D1F3C00065210C /* Final Project */ = {
			isa = PBXNativeTarget;
			buildConfigurationList = 770B6CB424D1F3C40065210C /* Build configuration list for PBXNativeTarget "Final Project" */;
			buildPhases = (
				770B6C9724D1F3C00065210C /* Sources */,
				770B6C9824D1F3C00065210C /* Frameworks */,
				770B6C9924D1F3C00065210C /* Resources */,
			);
			buildRules = (
			);
			dependencies = (
			);
			name = "Final Project";
			productName = "Final Project";
			productReference = 770B6C9B24D1F3C00065210C /* Final Project.app */;
			productType = "com.apple.product-type.application";
		};
/* End PBXNativeTarget section */

/* Begin PBXProject section */
		770B6C9324D1F3C00065210C /* Project object */ = {
			isa = PBXProject;
			attributes = {
				LastSwiftUpdateCheck = 1150;
				LastUpgradeCheck = 1150;
				ORGANIZATIONNAME = "Sana Manesh";
				TargetAttributes = {
					770B6C9A24D1F3C00065210C = {
						CreatedOnToolsVersion = 11.5;
					};
				};
			};
			buildConfigurationList = 770B6C9624D1F3C00065210C /* Build configuration list for PBXProject "Final Project" */;
			compatibilityVersion = "Xcode 9.3";
			developmentRegion = en;
			hasScannedForEncodings = 0;
			knownRegions = (
				en,
				Base,
			);
			mainGroup = 770B6C9224D1F3C00065210C;
			productRefGroup = 770B6C9C24D1F3C00065210C /* Products */;
			projectDirPath = "";
			projectRoot = "";
			targets = (
				770B6C9A24D1F3C00065210C /* Final Project */,
			);
		};
/* End PBXProject section */

/* Begin PBXResourcesBuildPhase section */
		770B6C9924D1F3C00065210C /* Resources */ = {
			isa = PBXResourcesBuildPhase;
			buildActionMask = 2147483647;
			files = (
				770B6CB024D1F3C40065210C /* LaunchScreen.storyboard in Resources */,
				770B6CAD24D1F3C40065210C /* Assets.xcassets in Resources */,
				770B6CA824D1F3C00065210C /* Main.storyboard in Resources */,
			);
			runOnlyForDeploymentPostprocessing = 0;
		};
/* End PBXResourcesBuildPhase section */

/* Begin PBXSourcesBuildPhase section */
		770B6C9724D1F3C00065210C /* Sources */ = {
			isa = PBXSourcesBuildPhase;
			buildActionMask = 2147483647;
			files = (
				770B6CA524D1F3C00065210C /* SecondViewController.swift in Sources */,
				770B6CA324D1F3C00065210C /* FirstViewController.swift in Sources */,
				77BD028724D33A5D00811E43 /* ViewControllerExtension.swift in Sources */,
				770B6CAB24D1F3C00065210C /* Final_Project.xcdatamodeld in Sources */,
				770B6C9F24D1F3C00065210C /* AppDelegate.swift in Sources */,
				770B6CA124D1F3C00065210C /* SceneDelegate.swift in Sources */,
			);
			runOnlyForDeploymentPostprocessing = 0;
		};
/* End PBXSourcesBuildPhase section */

/* Begin PBXVariantGroup section */
		770B6CA624D1F3C00065210C /* Main.storyboard */ = {
			isa = PBXVariantGroup;
			children = (
				770B6CA724D1F3C00065210C /* Base */,
			);
			name = Main.storyboard;
			sourceTree = "<group>";
		};
		770B6CAE24D1F3C40065210C /* LaunchScreen.storyboard */ = {
			isa = PBXVariantGroup;
			children = (
				770B6CAF24D1F3C40065210C /* Base */,
			);
			name = LaunchScreen.storyboard;
			sourceTree = "<group>";
		};
/* End PBXVariantGroup section */

/* Begin XCBuildConfiguration section */
		770B6CB224D1F3C40065210C /* Debug */ = {
			isa = XCBuildConfiguration;
			buildSettings = {
				ALWAYS_SEARCH_USER_PATHS = NO;
				CLANG_ANALYZER_NONNULL = YES;
				CLANG_ANALYZER_NUMBER_OBJECT_CONVERSION = YES_AGGRESSIVE;
				CLANG_CXX_LANGUAGE_STANDARD = "gnu++14";
				CLANG_CXX_LIBRARY = "libc++";
				CLANG_ENABLE_MODULES = YES;
				CLANG_ENABLE_OBJC_ARC = YES;
				CLANG_ENABLE_OBJC_WEAK = YES;
				CLANG_WARN_BLOCK_CAPTURE_AUTORELEASING = YES;
				CLANG_WARN_BOOL_CONVERSION = YES;
				CLANG_WARN_COMMA = YES;
				CLANG_WARN_CONSTANT_CONVERSION = YES;
				CLANG_WARN_DEPRECATED_OBJC_IMPLEMENTATIONS = YES;
				CLANG_WARN_DIRECT_OBJC_ISA_USAGE = YES_ERROR;
				CLANG_WARN_DOCUMENTATION_COMMENTS = YES;
				CLANG_WARN_EMPTY_BODY = YES;
				CLANG_WARN_ENUM_CONVERSION = YES;
				CLANG_WARN_INFINITE_RECURSION = YES;
				CLANG_WARN_INT_CONVERSION = YES;
				CLANG_WARN_NON_LITERAL_NULL_CONVERSION = YES;
				CLANG_WARN_OBJC_IMPLICIT_RETAIN_SELF = YES;
				CLANG_WARN_OBJC_LITERAL_CONVERSION = YES;
				CLANG_WARN_OBJC_ROOT_CLASS = YES_ERROR;
				CLANG_WARN_RANGE_LOOP_ANALYSIS = YES;
				CLANG_WARN_STRICT_PROTOTYPES = YES;
				CLANG_WARN_SUSPICIOUS_MOVE = YES;
				CLANG_WARN_UNGUARDED_AVAILABILITY = YES_AGGRESSIVE;
				CLANG_WARN_UNREACHABLE_CODE = YES;
				CLANG_WARN__DUPLICATE_METHOD_MATCH = YES;
				COPY_PHASE_STRIP = NO;
				DEBUG_INFORMATION_FORMAT = dwarf;
				ENABLE_STRICT_OBJC_MSGSEND = YES;
				ENABLE_TESTABILITY = YES;
				GCC_C_LANGUAGE_STANDARD = gnu11;
				GCC_DYNAMIC_NO_PIC = NO;
				GCC_NO_COMMON_BLOCKS = YES;
				GCC_OPTIMIZATION_LEVEL = 0;
				GCC_PREPROCESSOR_DEFINITIONS = (
					"DEBUG=1",
					"$(inherited)",
				);
				GCC_WARN_64_TO_32_BIT_CONVERSION = YES;
				GCC_WARN_ABOUT_RETURN_TYPE = YES_ERROR;
				GCC_WARN_UNDECLARED_SELECTOR = YES;
				GCC_WARN_UNINITIALIZED_AUTOS = YES_AGGRESSIVE;
				GCC_WARN_UNUSED_FUNCTION = YES;
				GCC_WARN_UNUSED_VARIABLE = YES;
				IPHONEOS_DEPLOYMENT_TARGET = 13.5;
				MTL_ENABLE_DEBUG_INFO = INCLUDE_SOURCE;
				MTL_FAST_MATH = YES;
				ONLY_ACTIVE_ARCH = YES;
				SDKROOT = iphoneos;
				SWIFT_ACTIVE_COMPILATION_CONDITIONS = DEBUG;
				SWIFT_OPTIMIZATION_LEVEL = "-Onone";
			};
			name = Debug;
		};
		770B6CB324D1F3C40065210C /* Release */ = {
			isa = XCBuildConfiguration;
			buildSettings = {
				ALWAYS_SEARCH_USER_PATHS = NO;
				CLANG_ANALYZER_NONNULL = YES;
				CLANG_ANALYZER_NUMBER_OBJECT_CONVERSION = YES_AGGRESSIVE;
				CLANG_CXX_LANGUAGE_STANDARD = "gnu++14";
				CLANG_CXX_LIBRARY = "libc++";
				CLANG_ENABLE_MODULES = YES;
				CLANG_ENABLE_OBJC_ARC = YES;
				CLANG_ENABLE_OBJC_WEAK = YES;
				CLANG_WARN_BLOCK_CAPTURE_AUTORELEASING = YES;
				CLANG_WARN_BOOL_CONVERSION = YES;
				CLANG_WARN_COMMA = YES;
				CLANG_WARN_CONSTANT_CONVERSION = YES;
				CLANG_WARN_DEPRECATED_OBJC_IMPLEMENTATIONS = YES;
				CLANG_WARN_DIRECT_OBJC_ISA_USAGE = YES_ERROR;
				CLANG_WARN_DOCUMENTATION_COMMENTS = YES;
				CLANG_WARN_EMPTY_BODY = YES;
				CLANG_WARN_ENUM_CONVERSION = YES;
				CLANG_WARN_INFINITE_RECURSION = YES;
				CLANG_WARN_INT_CONVERSION = YES;
				CLANG_WARN_NON_LITERAL_NULL_CONVERSION = YES;
				CLANG_WARN_OBJC_IMPLICIT_RETAIN_SELF = YES;
				CLANG_WARN_OBJC_LITERAL_CONVERSION = YES;
				CLANG_WARN_OBJC_ROOT_CLASS = YES_ERROR;
				CLANG_WARN_RANGE_LOOP_ANALYSIS = YES;
				CLANG_WARN_STRICT_PROTOTYPES = YES;
				CLANG_WARN_SUSPICIOUS_MOVE = YES;
				CLANG_WARN_UNGUARDED_AVAILABILITY = YES_AGGRESSIVE;
				CLANG_WARN_UNREACHABLE_CODE = YES;
				CLANG_WARN__DUPLICATE_METHOD_MATCH = YES;
				COPY_PHASE_STRIP = NO;
				DEBUG_INFORMATION_FORMAT = "dwarf-with-dsym";
				ENABLE_NS_ASSERTIONS = NO;
				ENABLE_STRICT_OBJC_MSGSEND = YES;
				GCC_C_LANGUAGE_STANDARD = gnu11;
				GCC_NO_COMMON_BLOCKS = YES;
				GCC_WARN_64_TO_32_BIT_CONVERSION = YES;
				GCC_WARN_ABOUT_RETURN_TYPE = YES_ERROR;
				GCC_WARN_UNDECLARED_SELECTOR = YES;
				GCC_WARN_UNINITIALIZED_AUTOS = YES_AGGRESSIVE;
				GCC_WARN_UNUSED_FUNCTION = YES;
				GCC_WARN_UNUSED_VARIABLE = YES;
				IPHONEOS_DEPLOYMENT_TARGET = 13.5;
				MTL_ENABLE_DEBUG_INFO = NO;
				MTL_FAST_MATH = YES;
				SDKROOT = iphoneos;
				SWIFT_COMPILATION_MODE = wholemodule;
				SWIFT_OPTIMIZATION_LEVEL = "-O";
				VALIDATE_PRODUCT = YES;
			};
			name = Release;
		};
		770B6CB524D1F3C40065210C /* Debug */ = {
			isa = XCBuildConfiguration;
			buildSettings = {
				ASSETCATALOG_COMPILER_APPICON_NAME = AppIcon;
				CODE_SIGN_STYLE = Automatic;
				INFOPLIST_FILE = "Final Project/Info.plist";
				LD_RUNPATH_SEARCH_PATHS = (
					"$(inherited)",
					"@executable_path/Frameworks",
				);
				PRODUCT_BUNDLE_IDENTIFIER = "KWK.Final-Project";
				PRODUCT_NAME = "$(TARGET_NAME)";
				SWIFT_VERSION = 5.0;
				TARGETED_DEVICE_FAMILY = "1,2";
			};
			name = Debug;
		};
		770B6CB624D1F3C40065210C /* Release */ = {
			isa = XCBuildConfiguration;
			buildSettings = {
				ASSETCATALOG_COMPILER_APPICON_NAME = AppIcon;
				CODE_SIGN_STYLE = Automatic;
				INFOPLIST_FILE = "Final Project/Info.plist";
				LD_RUNPATH_SEARCH_PATHS = (
					"$(inherited)",
					"@executable_path/Frameworks",
				);
				PRODUCT_BUNDLE_IDENTIFIER = "KWK.Final-Project";
				PRODUCT_NAME = "$(TARGET_NAME)";
				SWIFT_VERSION = 5.0;
				TARGETED_DEVICE_FAMILY = "1,2";
			};
			name = Release;
		};
/* End XCBuildConfiguration section */

/* Begin XCConfigurationList section */
		770B6C9624D1F3C00065210C /* Build configuration list for PBXProject "Final Project" */ = {
			isa = XCConfigurationList;
			buildConfigurations = (
				770B6CB224D1F3C40065210C /* Debug */,
				770B6CB324D1F3C40065210C /* Release */,
			);
			defaultConfigurationIsVisible = 0;
			defaultConfigurationName = Release;
		};
		770B6CB424D1F3C40065210C /* Build configuration list for PBXNativeTarget "Final Project" */ = {
			isa = XCConfigurationList;
			buildConfigurations = (
				770B6CB524D1F3C40065210C /* Debug */,
				770B6CB624D1F3C40065210C /* Release */,
			);
			defaultConfigurationIsVisible = 0;
			defaultConfigurationName = Release;
		};
/* End XCConfigurationList section */

/* Begin XCVersionGroup section */
		770B6CA924D1F3C00065210C /* Final_Project.xcdatamodeld */ = {
			isa = XCVersionGroup;
			children = (
				770B6CAA24D1F3C00065210C /* Final_Project.xcdatamodel */,
			);
			currentVersion = 770B6CAA24D1F3C00065210C /* Final_Project.xcdatamodel */;
			path = Final_Project.xcdatamodeld;
			sourceTree = "<group>";
			versionGroupType = wrapper.xcdatamodel;
		};
/* End XCVersionGroup section */
	};
	rootObject = 770B6C9324D1F3C00065210C /* Project object */;
}
